// !$*UTF8*$!
{
	archiveVersion = 1;
	classes = {
	};
	objectVersion = 55;
	objects = {

/* Begin PBXBuildFile section */
		C77558C6286F425800B99CF7 /* HTTPMethod.swift in Sources */ = {isa = PBXBuildFile; fileRef = C77558C5286F425800B99CF7 /* HTTPMethod.swift */; };
		C782A2712872CDAF000779E4 /* ViewModelProtocol.swift in Sources */ = {isa = PBXBuildFile; fileRef = C782A2702872CDAF000779E4 /* ViewModelProtocol.swift */; };
		C7927FD02870A987007E661C /* Location.swift in Sources */ = {isa = PBXBuildFile; fileRef = C7927FCF2870A987007E661C /* Location.swift */; };
		C7927FD22870A9EE007E661C /* Episode.swift in Sources */ = {isa = PBXBuildFile; fileRef = C7927FD12870A9EE007E661C /* Episode.swift */; };
		C7987A9B286F331C001F057A /* NetworkModelApp.swift in Sources */ = {isa = PBXBuildFile; fileRef = C7987A9A286F331C001F057A /* NetworkModelApp.swift */; };
		C7987A9D286F331C001F057A /* ContentView.swift in Sources */ = {isa = PBXBuildFile; fileRef = C7987A9C286F331C001F057A /* ContentView.swift */; };
		C7987A9F286F331C001F057A /* Assets.xcassets in Resources */ = {isa = PBXBuildFile; fileRef = C7987A9E286F331C001F057A /* Assets.xcassets */; };
		C7987AA2286F331C001F057A /* Preview Assets.xcassets in Resources */ = {isa = PBXBuildFile; fileRef = C7987AA1286F331C001F057A /* Preview Assets.xcassets */; };
		C7987AAF286F36EC001F057A /* NetworkService.swift in Sources */ = {isa = PBXBuildFile; fileRef = C7987AAE286F36EC001F057A /* NetworkService.swift */; };
		C7987AB1286F3704001F057A /* RouteProtocol.swift in Sources */ = {isa = PBXBuildFile; fileRef = C7987AB0286F3704001F057A /* RouteProtocol.swift */; };
		C7987AB3286F3767001F057A /* Character.swift in Sources */ = {isa = PBXBuildFile; fileRef = C7987AB2286F3767001F057A /* Character.swift */; };
		C7987AB5286F3773001F057A /* Info.swift in Sources */ = {isa = PBXBuildFile; fileRef = C7987AB4286F3773001F057A /* Info.swift */; };
		C7987AB7286F3782001F057A /* NetworkManager.swift in Sources */ = {isa = PBXBuildFile; fileRef = C7987AB6286F3782001F057A /* NetworkManager.swift */; };
		C7987AB9286F381B001F057A /* NetworkError.swift in Sources */ = {isa = PBXBuildFile; fileRef = C7987AB8286F381B001F057A /* NetworkError.swift */; };
		C79C31352882ACCF00B6CBB2 /* FilterProtocol.swift in Sources */ = {isa = PBXBuildFile; fileRef = C79C31342882ACCF00B6CBB2 /* FilterProtocol.swift */; };
		C79C31372882AFF700B6CBB2 /* ModelProtocol.swift in Sources */ = {isa = PBXBuildFile; fileRef = C79C31362882AFF700B6CBB2 /* ModelProtocol.swift */; };
		C7F798782872CBC5003C58E3 /* ViewModel.swift in Sources */ = {isa = PBXBuildFile; fileRef = C7F798772872CBC5003C58E3 /* ViewModel.swift */; };
/* End PBXBuildFile section */

/* Begin PBXFileReference section */
		C77558C5286F425800B99CF7 /* HTTPMethod.swift */ = {isa = PBXFileReference; lastKnownFileType = sourcecode.swift; path = HTTPMethod.swift; sourceTree = "<group>"; };
		C782A2702872CDAF000779E4 /* ViewModelProtocol.swift */ = {isa = PBXFileReference; lastKnownFileType = sourcecode.swift; path = ViewModelProtocol.swift; sourceTree = "<group>"; };
		C7927FCF2870A987007E661C /* Location.swift */ = {isa = PBXFileReference; lastKnownFileType = sourcecode.swift; path = Location.swift; sourceTree = "<group>"; };
		C7927FD12870A9EE007E661C /* Episode.swift */ = {isa = PBXFileReference; lastKnownFileType = sourcecode.swift; path = Episode.swift; sourceTree = "<group>"; };
		C7987A97286F331C001F057A /* NetworkModel.app */ = {isa = PBXFileReference; explicitFileType = wrapper.application; includeInIndex = 0; path = NetworkModel.app; sourceTree = BUILT_PRODUCTS_DIR; };
		C7987A9A286F331C001F057A /* NetworkModelApp.swift */ = {isa = PBXFileReference; lastKnownFileType = sourcecode.swift; path = NetworkModelApp.swift; sourceTree = "<group>"; };
		C7987A9C286F331C001F057A /* ContentView.swift */ = {isa = PBXFileReference; lastKnownFileType = sourcecode.swift; path = ContentView.swift; sourceTree = "<group>"; };
		C7987A9E286F331C001F057A /* Assets.xcassets */ = {isa = PBXFileReference; lastKnownFileType = folder.assetcatalog; path = Assets.xcassets; sourceTree = "<group>"; };
		C7987AA1286F331C001F057A /* Preview Assets.xcassets */ = {isa = PBXFileReference; lastKnownFileType = folder.assetcatalog; path = "Preview Assets.xcassets"; sourceTree = "<group>"; };
		C7987AAA286F343F001F057A /* Info.plist */ = {isa = PBXFileReference; lastKnownFileType = text.plist; path = Info.plist; sourceTree = "<group>"; };
		C7987AAE286F36EC001F057A /* NetworkService.swift */ = {isa = PBXFileReference; lastKnownFileType = sourcecode.swift; path = NetworkService.swift; sourceTree = "<group>"; };
		C7987AB0286F3704001F057A /* RouteProtocol.swift */ = {isa = PBXFileReference; lastKnownFileType = sourcecode.swift; path = RouteProtocol.swift; sourceTree = "<group>"; };
		C7987AB2286F3767001F057A /* Character.swift */ = {isa = PBXFileReference; lastKnownFileType = sourcecode.swift; path = Character.swift; sourceTree = "<group>"; };
		C7987AB4286F3773001F057A /* Info.swift */ = {isa = PBXFileReference; lastKnownFileType = sourcecode.swift; path = Info.swift; sourceTree = "<group>"; };
		C7987AB6286F3782001F057A /* NetworkManager.swift */ = {isa = PBXFileReference; lastKnownFileType = sourcecode.swift; path = NetworkManager.swift; sourceTree = "<group>"; };
		C7987AB8286F381B001F057A /* NetworkError.swift */ = {isa = PBXFileReference; lastKnownFileType = sourcecode.swift; path = NetworkError.swift; sourceTree = "<group>"; };
		C79C31342882ACCF00B6CBB2 /* FilterProtocol.swift */ = {isa = PBXFileReference; lastKnownFileType = sourcecode.swift; path = FilterProtocol.swift; sourceTree = "<group>"; };
		C79C31362882AFF700B6CBB2 /* ModelProtocol.swift */ = {isa = PBXFileReference; lastKnownFileType = sourcecode.swift; path = ModelProtocol.swift; sourceTree = "<group>"; };
		C7F798772872CBC5003C58E3 /* ViewModel.swift */ = {isa = PBXFileReference; lastKnownFileType = sourcecode.swift; path = ViewModel.swift; sourceTree = "<group>"; };
/* End PBXFileReference section */

/* Begin PBXFrameworksBuildPhase section */
		C7987A94286F331C001F057A /* Frameworks */ = {
			isa = PBXFrameworksBuildPhase;
			buildActionMask = 2147483647;
			files = (
			);
			runOnlyForDeploymentPostprocessing = 0;
		};
/* End PBXFrameworksBuildPhase section */

/* Begin PBXGroup section */
		C77558C4286F41F700B99CF7 /* Model */ = {
			isa = PBXGroup;
			children = (
				C7987AB2286F3767001F057A /* Character.swift */,
				C7927FCF2870A987007E661C /* Location.swift */,
				C7927FD12870A9EE007E661C /* Episode.swift */,
				C7987AB4286F3773001F057A /* Info.swift */,
			);
			path = Model;
			sourceTree = "<group>";
		};
		C782A2722872CE15000779E4 /* Protocol */ = {
			isa = PBXGroup;
			children = (
				C79C31362882AFF700B6CBB2 /* ModelProtocol.swift */,
				C7987AB0286F3704001F057A /* RouteProtocol.swift */,
				C79C31342882ACCF00B6CBB2 /* FilterProtocol.swift */,
				C782A2702872CDAF000779E4 /* ViewModelProtocol.swift */,
			);
			path = Protocol;
			sourceTree = "<group>";
		};
		C7927FD32870C10A007E661C /* NetworkModule */ = {
			isa = PBXGroup;
			children = (
				C77558C5286F425800B99CF7 /* HTTPMethod.swift */,
				C7987AB8286F381B001F057A /* NetworkError.swift */,
				C7987AAE286F36EC001F057A /* NetworkService.swift */,
				C7987AB6286F3782001F057A /* NetworkManager.swift */,
			);
			path = NetworkModule;
			sourceTree = "<group>";
		};
		C7987A8E286F331C001F057A = {
			isa = PBXGroup;
			children = (
				C7987A99286F331C001F057A /* NetworkModel */,
				C7987A98286F331C001F057A /* Products */,
			);
			sourceTree = "<group>";
		};
		C7987A98286F331C001F057A /* Products */ = {
			isa = PBXGroup;
			children = (
				C7987A97286F331C001F057A /* NetworkModel.app */,
			);
			name = Products;
			sourceTree = "<group>";
		};
		C7987A99286F331C001F057A /* NetworkModel */ = {
			isa = PBXGroup;
			children = (
				C7987AAA286F343F001F057A /* Info.plist */,
				C7987A9A286F331C001F057A /* NetworkModelApp.swift */,
				C7987A9C286F331C001F057A /* ContentView.swift */,
				C782A2722872CE15000779E4 /* Protocol */,
				C7F798762872CBB8003C58E3 /* ViewModel */,
				C77558C4286F41F700B99CF7 /* Model */,
				C7927FD32870C10A007E661C /* NetworkModule */,
				C7987A9E286F331C001F057A /* Assets.xcassets */,
				C7987AA0286F331C001F057A /* Preview Content */,
			);
			path = NetworkModel;
			sourceTree = "<group>";
		};
		C7987AA0286F331C001F057A /* Preview Content */ = {
			isa = PBXGroup;
			children = (
				C7987AA1286F331C001F057A /* Preview Assets.xcassets */,
			);
			path = "Preview Content";
			sourceTree = "<group>";
		};
		C7F798762872CBB8003C58E3 /* ViewModel */ = {
			isa = PBXGroup;
			children = (
				C7F798772872CBC5003C58E3 /* ViewModel.swift */,
			);
			path = ViewModel;
			sourceTree = "<group>";
		};
/* End PBXGroup section */

/* Begin PBXNativeTarget section */
		C7987A96286F331C001F057A /* NetworkModel */ = {
			isa = PBXNativeTarget;
			buildConfigurationList = C7987AA5286F331C001F057A /* Build configuration list for PBXNativeTarget "NetworkModel" */;
			buildPhases = (
				C7987A93286F331C001F057A /* Sources */,
				C7987A94286F331C001F057A /* Frameworks */,
				C7987A95286F331C001F057A /* Resources */,
			);
			buildRules = (
			);
			dependencies = (
			);
			name = NetworkModel;
			productName = NetworkModel;
			productReference = C7987A97286F331C001F057A /* NetworkModel.app */;
			productType = "com.apple.product-type.application";
		};
/* End PBXNativeTarget section */

/* Begin PBXProject section */
		C7987A8F286F331C001F057A /* Project object */ = {
			isa = PBXProject;
			attributes = {
				BuildIndependentTargetsInParallel = 1;
				LastSwiftUpdateCheck = 1330;
				LastUpgradeCheck = 1330;
				TargetAttributes = {
					C7987A96286F331C001F057A = {
						CreatedOnToolsVersion = 13.3;
					};
				};
			};
			buildConfigurationList = C7987A92286F331C001F057A /* Build configuration list for PBXProject "NetworkModel" */;
			compatibilityVersion = "Xcode 13.0";
			developmentRegion = en;
			hasScannedForEncodings = 0;
			knownRegions = (
				en,
				Base,
			);
			mainGroup = C7987A8E286F331C001F057A;
			productRefGroup = C7987A98286F331C001F057A /* Products */;
			projectDirPath = "";
			projectRoot = "";
			targets = (
				C7987A96286F331C001F057A /* NetworkModel */,
			);
		};
/* End PBXProject section */

/* Begin PBXResourcesBuildPhase section */
		C7987A95286F331C001F057A /* Resources */ = {
			isa = PBXResourcesBuildPhase;
			buildActionMask = 2147483647;
			files = (
				C7987AA2286F331C001F057A /* Preview Assets.xcassets in Resources */,
				C7987A9F286F331C001F057A /* Assets.xcassets in Resources */,
			);
			runOnlyForDeploymentPostprocessing = 0;
		};
/* End PBXResourcesBuildPhase section */

/* Begin PBXSourcesBuildPhase section */
		C7987A93286F331C001F057A /* Sources */ = {
			isa = PBXSourcesBuildPhase;
			buildActionMask = 2147483647;
			files = (
				C7987AAF286F36EC001F057A /* NetworkService.swift in Sources */,
				C7987AB9286F381B001F057A /* NetworkError.swift in Sources */,
				C7927FD02870A987007E661C /* Location.swift in Sources */,
				C7987AB5286F3773001F057A /* Info.swift in Sources */,
				C7F798782872CBC5003C58E3 /* ViewModel.swift in Sources */,
				C7987AB1286F3704001F057A /* RouteProtocol.swift in Sources */,
				C7927FD22870A9EE007E661C /* Episode.swift in Sources */,
				C79C31372882AFF700B6CBB2 /* ModelProtocol.swift in Sources */,
				C79C31352882ACCF00B6CBB2 /* FilterProtocol.swift in Sources */,
				C7987AB3286F3767001F057A /* Character.swift in Sources */,
				C77558C6286F425800B99CF7 /* HTTPMethod.swift in Sources */,
				C7987A9D286F331C001F057A /* ContentView.swift in Sources */,
				C782A2712872CDAF000779E4 /* ViewModelProtocol.swift in Sources */,
				C7987AB7286F3782001F057A /* NetworkManager.swift in Sources */,
				C7987A9B286F331C001F057A /* NetworkModelApp.swift in Sources */,
			);
			runOnlyForDeploymentPostprocessing = 0;
		};
/* End PBXSourcesBuildPhase section */

/* Begin XCBuildConfiguration section */
		C7987AA3286F331C001F057A /* Debug */ = {
			isa = XCBuildConfiguration;
			buildSettings = {
				ALWAYS_SEARCH_USER_PATHS = NO;
				CLANG_ANALYZER_NONNULL = YES;
				CLANG_ANALYZER_NUMBER_OBJECT_CONVERSION = YES_AGGRESSIVE;
				CLANG_CXX_LANGUAGE_STANDARD = "gnu++17";
				CLANG_ENABLE_MODULES = YES;
				CLANG_ENABLE_OBJC_ARC = YES;
				CLANG_ENABLE_OBJC_WEAK = YES;
				CLANG_WARN_BLOCK_CAPTURE_AUTORELEASING = YES;
				CLANG_WARN_BOOL_CONVERSION = YES;
				CLANG_WARN_COMMA = YES;
				CLANG_WARN_CONSTANT_CONVERSION = YES;
				CLANG_WARN_DEPRECATED_OBJC_IMPLEMENTATIONS = YES;
				CLANG_WARN_DIRECT_OBJC_ISA_USAGE = YES_ERROR;
				CLANG_WARN_DOCUMENTATION_COMMENTS = YES;
				CLANG_WARN_EMPTY_BODY = YES;
				CLANG_WARN_ENUM_CONVERSION = YES;
				CLANG_WARN_INFINITE_RECURSION = YES;
				CLANG_WARN_INT_CONVERSION = YES;
				CLANG_WARN_NON_LITERAL_NULL_CONVERSION = YES;
				CLANG_WARN_OBJC_IMPLICIT_RETAIN_SELF = YES;
				CLANG_WARN_OBJC_LITERAL_CONVERSION = YES;
				CLANG_WARN_OBJC_ROOT_CLASS = YES_ERROR;
				CLANG_WARN_QUOTED_INCLUDE_IN_FRAMEWORK_HEADER = YES;
				CLANG_WARN_RANGE_LOOP_ANALYSIS = YES;
				CLANG_WARN_STRICT_PROTOTYPES = YES;
				CLANG_WARN_SUSPICIOUS_MOVE = YES;
				CLANG_WARN_UNGUARDED_AVAILABILITY = YES_AGGRESSIVE;
				CLANG_WARN_UNREACHABLE_CODE = YES;
				CLANG_WARN__DUPLICATE_METHOD_MATCH = YES;
				COPY_PHASE_STRIP = NO;
				DEBUG_INFORMATION_FORMAT = dwarf;
				ENABLE_STRICT_OBJC_MSGSEND = YES;
				ENABLE_TESTABILITY = YES;
				GCC_C_LANGUAGE_STANDARD = gnu11;
				GCC_DYNAMIC_NO_PIC = NO;
				GCC_NO_COMMON_BLOCKS = YES;
				GCC_OPTIMIZATION_LEVEL = 0;
				GCC_PREPROCESSOR_DEFINITIONS = (
					"DEBUG=1",
					"$(inherited)",
				);
				GCC_WARN_64_TO_32_BIT_CONVERSION = YES;
				GCC_WARN_ABOUT_RETURN_TYPE = YES_ERROR;
				GCC_WARN_UNDECLARED_SELECTOR = YES;
				GCC_WARN_UNINITIALIZED_AUTOS = YES_AGGRESSIVE;
				GCC_WARN_UNUSED_FUNCTION = YES;
				GCC_WARN_UNUSED_VARIABLE = YES;
				IPHONEOS_DEPLOYMENT_TARGET = 15.0;
				MTL_ENABLE_DEBUG_INFO = INCLUDE_SOURCE;
				MTL_FAST_MATH = YES;
				ONLY_ACTIVE_ARCH = YES;
				SDKROOT = iphoneos;
				SWIFT_ACTIVE_COMPILATION_CONDITIONS = DEBUG;
				SWIFT_OPTIMIZATION_LEVEL = "-Onone";
			};
			name = Debug;
		};
		C7987AA4286F331C001F057A /* Release */ = {
			isa = XCBuildConfiguration;
			buildSettings = {
				ALWAYS_SEARCH_USER_PATHS = NO;
				CLANG_ANALYZER_NONNULL = YES;
				CLANG_ANALYZER_NUMBER_OBJECT_CONVERSION = YES_AGGRESSIVE;
				CLANG_CXX_LANGUAGE_STANDARD = "gnu++17";
				CLANG_ENABLE_MODULES = YES;
				CLANG_ENABLE_OBJC_ARC = YES;
				CLANG_ENABLE_OBJC_WEAK = YES;
				CLANG_WARN_BLOCK_CAPTURE_AUTORELEASING = YES;
				CLANG_WARN_BOOL_CONVERSION = YES;
				CLANG_WARN_COMMA = YES;
				CLANG_WARN_CONSTANT_CONVERSION = YES;
				CLANG_WARN_DEPRECATED_OBJC_IMPLEMENTATIONS = YES;
				CLANG_WARN_DIRECT_OBJC_ISA_USAGE = YES_ERROR;
				CLANG_WARN_DOCUMENTATION_COMMENTS = YES;
				CLANG_WARN_EMPTY_BODY = YES;
				CLANG_WARN_ENUM_CONVERSION = YES;
				CLANG_WARN_INFINITE_RECURSION = YES;
				CLANG_WARN_INT_CONVERSION = YES;
				CLANG_WARN_NON_LITERAL_NULL_CONVERSION = YES;
				CLANG_WARN_OBJC_IMPLICIT_RETAIN_SELF = YES;
				CLANG_WARN_OBJC_LITERAL_CONVERSION = YES;
				CLANG_WARN_OBJC_ROOT_CLASS = YES_ERROR;
				CLANG_WARN_QUOTED_INCLUDE_IN_FRAMEWORK_HEADER = YES;
				CLANG_WARN_RANGE_LOOP_ANALYSIS = YES;
				CLANG_WARN_STRICT_PROTOTYPES = YES;
				CLANG_WARN_SUSPICIOUS_MOVE = YES;
				CLANG_WARN_UNGUARDED_AVAILABILITY = YES_AGGRESSIVE;
				CLANG_WARN_UNREACHABLE_CODE = YES;
				CLANG_WARN__DUPLICATE_METHOD_MATCH = YES;
				COPY_PHASE_STRIP = NO;
				DEBUG_INFORMATION_FORMAT = "dwarf-with-dsym";
				ENABLE_NS_ASSERTIONS = NO;
				ENABLE_STRICT_OBJC_MSGSEND = YES;
				GCC_C_LANGUAGE_STANDARD = gnu11;
				GCC_NO_COMMON_BLOCKS = YES;
				GCC_WARN_64_TO_32_BIT_CONVERSION = YES;
				GCC_WARN_ABOUT_RETURN_TYPE = YES_ERROR;
				GCC_WARN_UNDECLARED_SELECTOR = YES;
				GCC_WARN_UNINITIALIZED_AUTOS = YES_AGGRESSIVE;
				GCC_WARN_UNUSED_FUNCTION = YES;
				GCC_WARN_UNUSED_VARIABLE = YES;
				IPHONEOS_DEPLOYMENT_TARGET = 15.0;
				MTL_ENABLE_DEBUG_INFO = NO;
				MTL_FAST_MATH = YES;
				SDKROOT = iphoneos;
				SWIFT_COMPILATION_MODE = wholemodule;
				SWIFT_OPTIMIZATION_LEVEL = "-O";
				VALIDATE_PRODUCT = YES;
			};
			name = Release;
		};
		C7987AA6286F331C001F057A /* Debug */ = {
			isa = XCBuildConfiguration;
			buildSettings = {
				ASSETCATALOG_COMPILER_APPICON_NAME = AppIcon;
				ASSETCATALOG_COMPILER_GLOBAL_ACCENT_COLOR_NAME = AccentColor;
				CODE_SIGN_STYLE = Automatic;
				CURRENT_PROJECT_VERSION = 1;
				DEVELOPMENT_ASSET_PATHS = "\"NetworkModel/Preview Content\"";
				DEVELOPMENT_TEAM = Z629PZ4XVL;
				ENABLE_PREVIEWS = YES;
				GENERATE_INFOPLIST_FILE = YES;
				INFOPLIST_FILE = NetworkModel/Info.plist;
				INFOPLIST_KEY_UIApplicationSceneManifest_Generation = YES;
				INFOPLIST_KEY_UIApplicationSupportsIndirectInputEvents = YES;
				INFOPLIST_KEY_UILaunchScreen_Generation = YES;
				INFOPLIST_KEY_UISupportedInterfaceOrientations_iPad = "UIInterfaceOrientationPortrait UIInterfaceOrientationPortraitUpsideDown UIInterfaceOrientationLandscapeLeft UIInterfaceOrientationLandscapeRight";
				INFOPLIST_KEY_UISupportedInterfaceOrientations_iPhone = "UIInterfaceOrientationPortrait UIInterfaceOrientationLandscapeLeft UIInterfaceOrientationLandscapeRight";
				LD_RUNPATH_SEARCH_PATHS = (
					"$(inherited)",
					"@executable_path/Frameworks",
				);
				MARKETING_VERSION = 1.0;
				PRODUCT_BUNDLE_IDENTIFIER = com.moonjs.NetworkModel;
				PRODUCT_NAME = "$(TARGET_NAME)";
				SWIFT_EMIT_LOC_STRINGS = YES;
				SWIFT_VERSION = 5.0;
				TARGETED_DEVICE_FAMILY = "1,2";
			};
			name = Debug;
		};
		C7987AA7286F331C001F057A /* Release */ = {
			isa = XCBuildConfiguration;
			buildSettings = {
				ASSETCATALOG_COMPILER_APPICON_NAME = AppIcon;
				ASSETCATALOG_COMPILER_GLOBAL_ACCENT_COLOR_NAME = AccentColor;
				CODE_SIGN_STYLE = Automatic;
				CURRENT_PROJECT_VERSION = 1;
				DEVELOPMENT_ASSET_PATHS = "\"NetworkModel/Preview Content\"";
				DEVELOPMENT_TEAM = Z629PZ4XVL;
				ENABLE_PREVIEWS = YES;
				GENERATE_INFOPLIST_FILE = YES;
				INFOPLIST_FILE = NetworkModel/Info.plist;
				INFOPLIST_KEY_UIApplicationSceneManifest_Generation = YES;
				INFOPLIST_KEY_UIApplicationSupportsIndirectInputEvents = YES;
				INFOPLIST_KEY_UILaunchScreen_Generation = YES;
				INFOPLIST_KEY_UISupportedInterfaceOrientations_iPad = "UIInterfaceOrientationPortrait UIInterfaceOrientationPortraitUpsideDown UIInterfaceOrientationLandscapeLeft UIInterfaceOrientationLandscapeRight";
				INFOPLIST_KEY_UISupportedInterfaceOrientations_iPhone = "UIInterfaceOrientationPortrait UIInterfaceOrientationLandscapeLeft UIInterfaceOrientationLandscapeRight";
				LD_RUNPATH_SEARCH_PATHS = (
					"$(inherited)",
					"@executable_path/Frameworks",
				);
				MARKETING_VERSION = 1.0;
				PRODUCT_BUNDLE_IDENTIFIER = com.moonjs.NetworkModel;
				PRODUCT_NAME = "$(TARGET_NAME)";
				SWIFT_EMIT_LOC_STRINGS = YES;
				SWIFT_VERSION = 5.0;
				TARGETED_DEVICE_FAMILY = "1,2";
			};
			name = Release;
		};
/* End XCBuildConfiguration section */

/* Begin XCConfigurationList section */
		C7987A92286F331C001F057A /* Build configuration list for PBXProject "NetworkModel" */ = {
			isa = XCConfigurationList;
			buildConfigurations = (
				C7987AA3286F331C001F057A /* Debug */,
				C7987AA4286F331C001F057A /* Release */,
			);
			defaultConfigurationIsVisible = 0;
			defaultConfigurationName = Release;
		};
		C7987AA5286F331C001F057A /* Build configuration list for PBXNativeTarget "NetworkModel" */ = {
			isa = XCConfigurationList;
			buildConfigurations = (
				C7987AA6286F331C001F057A /* Debug */,
				C7987AA7286F331C001F057A /* Release */,
			);
			defaultConfigurationIsVisible = 0;
			defaultConfigurationName = Release;
		};
/* End XCConfigurationList section */
	};
	rootObject = C7987A8F286F331C001F057A /* Project object */;
}
